// !$*UTF8*$!
{
	archiveVersion = 1;
	classes = {
	};
	objectVersion = 50;
	objects = {

/* Begin PBXBuildFile section */
		641CFC3523933B8E00CCEFF4 /* Solver.swift in Sources */ = {isa = PBXBuildFile; fileRef = 641CFC3423933B8E00CCEFF4 /* Solver.swift */; };
		642CDD2421472F2200E6FEE4 /* Rule.swift in Sources */ = {isa = PBXBuildFile; fileRef = 642CDD2321472F2200E6FEE4 /* Rule.swift */; };
		642CDD262147419200E6FEE4 /* CornerRule.swift in Sources */ = {isa = PBXBuildFile; fileRef = 642CDD252147419200E6FEE4 /* CornerRule.swift */; };
		642CDD28214741A200E6FEE4 /* WhiteStoneRule.swift in Sources */ = {isa = PBXBuildFile; fileRef = 642CDD27214741A200E6FEE4 /* WhiteStoneRule.swift */; };
		642CDD2B214749F200E6FEE4 /* BoardElement.swift in Sources */ = {isa = PBXBuildFile; fileRef = 642CDD2A214749F200E6FEE4 /* BoardElement.swift */; };
		642CDD2D21474A0A00E6FEE4 /* Cell.swift in Sources */ = {isa = PBXBuildFile; fileRef = 642CDD2C21474A0A00E6FEE4 /* Cell.swift */; };
		642CDD2F21474A1C00E6FEE4 /* Edge.swift in Sources */ = {isa = PBXBuildFile; fileRef = 642CDD2E21474A1C00E6FEE4 /* Edge.swift */; };
		642CDD3121474A5F00E6FEE4 /* Board.swift in Sources */ = {isa = PBXBuildFile; fileRef = 642CDD3021474A5F00E6FEE4 /* Board.swift */; };
		642CDD3321474A7600E6FEE4 /* Corner.swift in Sources */ = {isa = PBXBuildFile; fileRef = 642CDD3221474A7600E6FEE4 /* Corner.swift */; };
		642CDD3521474AA600E6FEE4 /* BoardTraverser.swift in Sources */ = {isa = PBXBuildFile; fileRef = 642CDD3421474AA600E6FEE4 /* BoardTraverser.swift */; };
		64C2FF3E2144BD8300D4D7A0 /* AppDelegate.swift in Sources */ = {isa = PBXBuildFile; fileRef = 64C2FF3D2144BD8300D4D7A0 /* AppDelegate.swift */; };
		64C2FF402144BD8300D4D7A0 /* ViewController.swift in Sources */ = {isa = PBXBuildFile; fileRef = 64C2FF3F2144BD8300D4D7A0 /* ViewController.swift */; };
		64C2FF432144BD8300D4D7A0 /* Main.storyboard in Resources */ = {isa = PBXBuildFile; fileRef = 64C2FF412144BD8300D4D7A0 /* Main.storyboard */; };
		64C2FF452144BD8400D4D7A0 /* Assets.xcassets in Resources */ = {isa = PBXBuildFile; fileRef = 64C2FF442144BD8400D4D7A0 /* Assets.xcassets */; };
		64C2FF482144BD8400D4D7A0 /* LaunchScreen.storyboard in Resources */ = {isa = PBXBuildFile; fileRef = 64C2FF462144BD8400D4D7A0 /* LaunchScreen.storyboard */; };
		64C2FF532144BD8400D4D7A0 /* MashuyuTests.swift in Sources */ = {isa = PBXBuildFile; fileRef = 64C2FF522144BD8400D4D7A0 /* MashuyuTests.swift */; };
		64C2FF5E2144BD8400D4D7A0 /* MashuyuUITests.swift in Sources */ = {isa = PBXBuildFile; fileRef = 64C2FF5D2144BD8400D4D7A0 /* MashuyuUITests.swift */; };
/* End PBXBuildFile section */

/* Begin PBXContainerItemProxy section */
		64C2FF4F2144BD8400D4D7A0 /* PBXContainerItemProxy */ = {
			isa = PBXContainerItemProxy;
			containerPortal = 64C2FF322144BD8300D4D7A0 /* Project object */;
			proxyType = 1;
			remoteGlobalIDString = 64C2FF392144BD8300D4D7A0;
			remoteInfo = Mashuyu;
		};
		64C2FF5A2144BD8400D4D7A0 /* PBXContainerItemProxy */ = {
			isa = PBXContainerItemProxy;
			containerPortal = 64C2FF322144BD8300D4D7A0 /* Project object */;
			proxyType = 1;
			remoteGlobalIDString = 64C2FF392144BD8300D4D7A0;
			remoteInfo = Mashuyu;
		};
/* End PBXContainerItemProxy section */

/* Begin PBXFileReference section */
		641CFC3423933B8E00CCEFF4 /* Solver.swift */ = {isa = PBXFileReference; lastKnownFileType = sourcecode.swift; path = Solver.swift; sourceTree = "<group>"; };
		642CDD2321472F2200E6FEE4 /* Rule.swift */ = {isa = PBXFileReference; lastKnownFileType = sourcecode.swift; path = Rule.swift; sourceTree = "<group>"; };
		642CDD252147419200E6FEE4 /* CornerRule.swift */ = {isa = PBXFileReference; lastKnownFileType = sourcecode.swift; path = CornerRule.swift; sourceTree = "<group>"; };
		642CDD27214741A200E6FEE4 /* WhiteStoneRule.swift */ = {isa = PBXFileReference; lastKnownFileType = sourcecode.swift; path = WhiteStoneRule.swift; sourceTree = "<group>"; };
		642CDD2A214749F200E6FEE4 /* BoardElement.swift */ = {isa = PBXFileReference; lastKnownFileType = sourcecode.swift; path = BoardElement.swift; sourceTree = "<group>"; };
		642CDD2C21474A0A00E6FEE4 /* Cell.swift */ = {isa = PBXFileReference; lastKnownFileType = sourcecode.swift; path = Cell.swift; sourceTree = "<group>"; };
		642CDD2E21474A1C00E6FEE4 /* Edge.swift */ = {isa = PBXFileReference; lastKnownFileType = sourcecode.swift; path = Edge.swift; sourceTree = "<group>"; };
		642CDD3021474A5F00E6FEE4 /* Board.swift */ = {isa = PBXFileReference; lastKnownFileType = sourcecode.swift; path = Board.swift; sourceTree = "<group>"; };
		642CDD3221474A7600E6FEE4 /* Corner.swift */ = {isa = PBXFileReference; lastKnownFileType = sourcecode.swift; path = Corner.swift; sourceTree = "<group>"; };
		642CDD3421474AA600E6FEE4 /* BoardTraverser.swift */ = {isa = PBXFileReference; lastKnownFileType = sourcecode.swift; path = BoardTraverser.swift; sourceTree = "<group>"; };
		64C2FF3A2144BD8300D4D7A0 /* Mashuyu.app */ = {isa = PBXFileReference; explicitFileType = wrapper.application; includeInIndex = 0; path = Mashuyu.app; sourceTree = BUILT_PRODUCTS_DIR; };
		64C2FF3D2144BD8300D4D7A0 /* AppDelegate.swift */ = {isa = PBXFileReference; lastKnownFileType = sourcecode.swift; path = AppDelegate.swift; sourceTree = "<group>"; };
		64C2FF3F2144BD8300D4D7A0 /* ViewController.swift */ = {isa = PBXFileReference; lastKnownFileType = sourcecode.swift; path = ViewController.swift; sourceTree = "<group>"; };
		64C2FF422144BD8300D4D7A0 /* Base */ = {isa = PBXFileReference; lastKnownFileType = file.storyboard; name = Base; path = Base.lproj/Main.storyboard; sourceTree = "<group>"; };
		64C2FF442144BD8400D4D7A0 /* Assets.xcassets */ = {isa = PBXFileReference; lastKnownFileType = folder.assetcatalog; path = Assets.xcassets; sourceTree = "<group>"; };
		64C2FF472144BD8400D4D7A0 /* Base */ = {isa = PBXFileReference; lastKnownFileType = file.storyboard; name = Base; path = Base.lproj/LaunchScreen.storyboard; sourceTree = "<group>"; };
		64C2FF492144BD8400D4D7A0 /* Info.plist */ = {isa = PBXFileReference; lastKnownFileType = text.plist.xml; path = Info.plist; sourceTree = "<group>"; };
		64C2FF4E2144BD8400D4D7A0 /* MashuyuTests.xctest */ = {isa = PBXFileReference; explicitFileType = wrapper.cfbundle; includeInIndex = 0; path = MashuyuTests.xctest; sourceTree = BUILT_PRODUCTS_DIR; };
		64C2FF522144BD8400D4D7A0 /* MashuyuTests.swift */ = {isa = PBXFileReference; lastKnownFileType = sourcecode.swift; path = MashuyuTests.swift; sourceTree = "<group>"; };
		64C2FF542144BD8400D4D7A0 /* Info.plist */ = {isa = PBXFileReference; lastKnownFileType = text.plist.xml; path = Info.plist; sourceTree = "<group>"; };
		64C2FF592144BD8400D4D7A0 /* MashuyuUITests.xctest */ = {isa = PBXFileReference; explicitFileType = wrapper.cfbundle; includeInIndex = 0; path = MashuyuUITests.xctest; sourceTree = BUILT_PRODUCTS_DIR; };
		64C2FF5D2144BD8400D4D7A0 /* MashuyuUITests.swift */ = {isa = PBXFileReference; lastKnownFileType = sourcecode.swift; path = MashuyuUITests.swift; sourceTree = "<group>"; };
		64C2FF5F2144BD8400D4D7A0 /* Info.plist */ = {isa = PBXFileReference; lastKnownFileType = text.plist.xml; path = Info.plist; sourceTree = "<group>"; };
/* End PBXFileReference section */

/* Begin PBXFrameworksBuildPhase section */
		64C2FF372144BD8300D4D7A0 /* Frameworks */ = {
			isa = PBXFrameworksBuildPhase;
			buildActionMask = 2147483647;
			files = (
			);
			runOnlyForDeploymentPostprocessing = 0;
		};
		64C2FF4B2144BD8400D4D7A0 /* Frameworks */ = {
			isa = PBXFrameworksBuildPhase;
			buildActionMask = 2147483647;
			files = (
			);
			runOnlyForDeploymentPostprocessing = 0;
		};
		64C2FF562144BD8400D4D7A0 /* Frameworks */ = {
			isa = PBXFrameworksBuildPhase;
			buildActionMask = 2147483647;
			files = (
			);
			runOnlyForDeploymentPostprocessing = 0;
		};
/* End PBXFrameworksBuildPhase section */

/* Begin PBXGroup section */
		641CFC3323933B8400CCEFF4 /* Solver */ = {
			isa = PBXGroup;
			children = (
				641CFC3423933B8E00CCEFF4 /* Solver.swift */,
			);
			path = Solver;
			sourceTree = "<group>";
		};
		642CDD2121472F0B00E6FEE4 /* Board */ = {
			isa = PBXGroup;
			children = (
				641CFC3323933B8400CCEFF4 /* Solver */,
				642CDD29214749D700E6FEE4 /* Model */,
				642CDD2221472F1700E6FEE4 /* Rules */,
			);
			path = Board;
			sourceTree = "<group>";
		};
		642CDD2221472F1700E6FEE4 /* Rules */ = {
			isa = PBXGroup;
			children = (
				642CDD2321472F2200E6FEE4 /* Rule.swift */,
				642CDD252147419200E6FEE4 /* CornerRule.swift */,
				642CDD27214741A200E6FEE4 /* WhiteStoneRule.swift */,
			);
			path = Rules;
			sourceTree = "<group>";
		};
		642CDD29214749D700E6FEE4 /* Model */ = {
			isa = PBXGroup;
			children = (
				642CDD2A214749F200E6FEE4 /* BoardElement.swift */,
				642CDD2C21474A0A00E6FEE4 /* Cell.swift */,
				642CDD2E21474A1C00E6FEE4 /* Edge.swift */,
				642CDD3021474A5F00E6FEE4 /* Board.swift */,
				642CDD3221474A7600E6FEE4 /* Corner.swift */,
				642CDD3421474AA600E6FEE4 /* BoardTraverser.swift */,
			);
			path = Model;
			sourceTree = "<group>";
		};
		64C2FF312144BD8300D4D7A0 = {
			isa = PBXGroup;
			children = (
				64C2FF3C2144BD8300D4D7A0 /* Mashuyu */,
				64C2FF512144BD8400D4D7A0 /* MashuyuTests */,
				64C2FF5C2144BD8400D4D7A0 /* MashuyuUITests */,
				64C2FF3B2144BD8300D4D7A0 /* Products */,
			);
			sourceTree = "<group>";
		};
		64C2FF3B2144BD8300D4D7A0 /* Products */ = {
			isa = PBXGroup;
			children = (
				64C2FF3A2144BD8300D4D7A0 /* Mashuyu.app */,
				64C2FF4E2144BD8400D4D7A0 /* MashuyuTests.xctest */,
				64C2FF592144BD8400D4D7A0 /* MashuyuUITests.xctest */,
			);
			name = Products;
			sourceTree = "<group>";
		};
		64C2FF3C2144BD8300D4D7A0 /* Mashuyu */ = {
			isa = PBXGroup;
			children = (
				642CDD2121472F0B00E6FEE4 /* Board */,
				64C2FF3D2144BD8300D4D7A0 /* AppDelegate.swift */,
				64C2FF3F2144BD8300D4D7A0 /* ViewController.swift */,
				64C2FF412144BD8300D4D7A0 /* Main.storyboard */,
				64C2FF442144BD8400D4D7A0 /* Assets.xcassets */,
				64C2FF462144BD8400D4D7A0 /* LaunchScreen.storyboard */,
				64C2FF492144BD8400D4D7A0 /* Info.plist */,
			);
			path = Mashuyu;
			sourceTree = "<group>";
		};
		64C2FF512144BD8400D4D7A0 /* MashuyuTests */ = {
			isa = PBXGroup;
			children = (
				64C2FF522144BD8400D4D7A0 /* MashuyuTests.swift */,
				64C2FF542144BD8400D4D7A0 /* Info.plist */,
			);
			path = MashuyuTests;
			sourceTree = "<group>";
		};
		64C2FF5C2144BD8400D4D7A0 /* MashuyuUITests */ = {
			isa = PBXGroup;
			children = (
				64C2FF5D2144BD8400D4D7A0 /* MashuyuUITests.swift */,
				64C2FF5F2144BD8400D4D7A0 /* Info.plist */,
			);
			path = MashuyuUITests;
			sourceTree = "<group>";
		};
/* End PBXGroup section */

/* Begin PBXNativeTarget section */
		64C2FF392144BD8300D4D7A0 /* Mashuyu */ = {
			isa = PBXNativeTarget;
			buildConfigurationList = 64C2FF622144BD8400D4D7A0 /* Build configuration list for PBXNativeTarget "Mashuyu" */;
			buildPhases = (
				64C2FF362144BD8300D4D7A0 /* Sources */,
				64C2FF372144BD8300D4D7A0 /* Frameworks */,
				64C2FF382144BD8300D4D7A0 /* Resources */,
			);
			buildRules = (
			);
			dependencies = (
			);
			name = Mashuyu;
			productName = Mashuyu;
			productReference = 64C2FF3A2144BD8300D4D7A0 /* Mashuyu.app */;
			productType = "com.apple.product-type.application";
		};
		64C2FF4D2144BD8400D4D7A0 /* MashuyuTests */ = {
			isa = PBXNativeTarget;
			buildConfigurationList = 64C2FF652144BD8400D4D7A0 /* Build configuration list for PBXNativeTarget "MashuyuTests" */;
			buildPhases = (
				64C2FF4A2144BD8400D4D7A0 /* Sources */,
				64C2FF4B2144BD8400D4D7A0 /* Frameworks */,
				64C2FF4C2144BD8400D4D7A0 /* Resources */,
			);
			buildRules = (
			);
			dependencies = (
				64C2FF502144BD8400D4D7A0 /* PBXTargetDependency */,
			);
			name = MashuyuTests;
			productName = MashuyuTests;
			productReference = 64C2FF4E2144BD8400D4D7A0 /* MashuyuTests.xctest */;
			productType = "com.apple.product-type.bundle.unit-test";
		};
		64C2FF582144BD8400D4D7A0 /* MashuyuUITests */ = {
			isa = PBXNativeTarget;
			buildConfigurationList = 64C2FF682144BD8400D4D7A0 /* Build configuration list for PBXNativeTarget "MashuyuUITests" */;
			buildPhases = (
				64C2FF552144BD8400D4D7A0 /* Sources */,
				64C2FF562144BD8400D4D7A0 /* Frameworks */,
				64C2FF572144BD8400D4D7A0 /* Resources */,
			);
			buildRules = (
			);
			dependencies = (
				64C2FF5B2144BD8400D4D7A0 /* PBXTargetDependency */,
			);
			name = MashuyuUITests;
			productName = MashuyuUITests;
			productReference = 64C2FF592144BD8400D4D7A0 /* MashuyuUITests.xctest */;
			productType = "com.apple.product-type.bundle.ui-testing";
		};
/* End PBXNativeTarget section */

/* Begin PBXProject section */
		64C2FF322144BD8300D4D7A0 /* Project object */ = {
			isa = PBXProject;
			attributes = {
				LastSwiftUpdateCheck = 1000;
				LastUpgradeCheck = 1000;
				ORGANIZATIONNAME = "Benjamin Frost";
				TargetAttributes = {
					64C2FF392144BD8300D4D7A0 = {
						CreatedOnToolsVersion = 10.0;
					};
					64C2FF4D2144BD8400D4D7A0 = {
						CreatedOnToolsVersion = 10.0;
						TestTargetID = 64C2FF392144BD8300D4D7A0;
					};
					64C2FF582144BD8400D4D7A0 = {
						CreatedOnToolsVersion = 10.0;
						TestTargetID = 64C2FF392144BD8300D4D7A0;
					};
				};
			};
			buildConfigurationList = 64C2FF352144BD8300D4D7A0 /* Build configuration list for PBXProject "Mashuyu" */;
			compatibilityVersion = "Xcode 9.3";
			developmentRegion = en;
			hasScannedForEncodings = 0;
			knownRegions = (
				en,
				Base,
			);
			mainGroup = 64C2FF312144BD8300D4D7A0;
			productRefGroup = 64C2FF3B2144BD8300D4D7A0 /* Products */;
			projectDirPath = "";
			projectRoot = "";
			targets = (
				64C2FF392144BD8300D4D7A0 /* Mashuyu */,
				64C2FF4D2144BD8400D4D7A0 /* MashuyuTests */,
				64C2FF582144BD8400D4D7A0 /* MashuyuUITests */,
			);
		};
/* End PBXProject section */

/* Begin PBXResourcesBuildPhase section */
		64C2FF382144BD8300D4D7A0 /* Resources */ = {
			isa = PBXResourcesBuildPhase;
			buildActionMask = 2147483647;
			files = (
				64C2FF482144BD8400D4D7A0 /* LaunchScreen.storyboard in Resources */,
				64C2FF452144BD8400D4D7A0 /* Assets.xcassets in Resources */,
				64C2FF432144BD8300D4D7A0 /* Main.storyboard in Resources */,
			);
			runOnlyForDeploymentPostprocessing = 0;
		};
		64C2FF4C2144BD8400D4D7A0 /* Resources */ = {
			isa = PBXResourcesBuildPhase;
			buildActionMask = 2147483647;
			files = (
			);
			runOnlyForDeploymentPostprocessing = 0;
		};
		64C2FF572144BD8400D4D7A0 /* Resources */ = {
			isa = PBXResourcesBuildPhase;
			buildActionMask = 2147483647;
			files = (
			);
			runOnlyForDeploymentPostprocessing = 0;
		};
/* End PBXResourcesBuildPhase section */

/* Begin PBXSourcesBuildPhase section */
		64C2FF362144BD8300D4D7A0 /* Sources */ = {
			isa = PBXSourcesBuildPhase;
			buildActionMask = 2147483647;
			files = (
				642CDD262147419200E6FEE4 /* CornerRule.swift in Sources */,
				642CDD28214741A200E6FEE4 /* WhiteStoneRule.swift in Sources */,
				641CFC3523933B8E00CCEFF4 /* Solver.swift in Sources */,
				642CDD2F21474A1C00E6FEE4 /* Edge.swift in Sources */,
				642CDD2D21474A0A00E6FEE4 /* Cell.swift in Sources */,
				642CDD3321474A7600E6FEE4 /* Corner.swift in Sources */,
				642CDD2421472F2200E6FEE4 /* Rule.swift in Sources */,
				642CDD3521474AA600E6FEE4 /* BoardTraverser.swift in Sources */,
				642CDD2B214749F200E6FEE4 /* BoardElement.swift in Sources */,
				64C2FF402144BD8300D4D7A0 /* ViewController.swift in Sources */,
				64C2FF3E2144BD8300D4D7A0 /* AppDelegate.swift in Sources */,
				642CDD3121474A5F00E6FEE4 /* Board.swift in Sources */,
			);
			runOnlyForDeploymentPostprocessing = 0;
		};
		64C2FF4A2144BD8400D4D7A0 /* Sources */ = {
			isa = PBXSourcesBuildPhase;
			buildActionMask = 2147483647;
			files = (
				64C2FF532144BD8400D4D7A0 /* MashuyuTests.swift in Sources */,
			);
			runOnlyForDeploymentPostprocessing = 0;
		};
		64C2FF552144BD8400D4D7A0 /* Sources */ = {
			isa = PBXSourcesBuildPhase;
			buildActionMask = 2147483647;
			files = (
				64C2FF5E2144BD8400D4D7A0 /* MashuyuUITests.swift in Sources */,
			);
			runOnlyForDeploymentPostprocessing = 0;
		};
/* End PBXSourcesBuildPhase section */

/* Begin PBXTargetDependency section */
		64C2FF502144BD8400D4D7A0 /* PBXTargetDependency */ = {
			isa = PBXTargetDependency;
			target = 64C2FF392144BD8300D4D7A0 /* Mashuyu */;
			targetProxy = 64C2FF4F2144BD8400D4D7A0 /* PBXContainerItemProxy */;
		};
		64C2FF5B2144BD8400D4D7A0 /* PBXTargetDependency */ = {
			isa = PBXTargetDependency;
			target = 64C2FF392144BD8300D4D7A0 /* Mashuyu */;
			targetProxy = 64C2FF5A2144BD8400D4D7A0 /* PBXContainerItemProxy */;
		};
/* End PBXTargetDependency section */

/* Begin PBXVariantGroup section */
		64C2FF412144BD8300D4D7A0 /* Main.storyboard */ = {
			isa = PBXVariantGroup;
			children = (
				64C2FF422144BD8300D4D7A0 /* Base */,
			);
			name = Main.storyboard;
			sourceTree = "<group>";
		};
		64C2FF462144BD8400D4D7A0 /* LaunchScreen.storyboard */ = {
			isa = PBXVariantGroup;
			children = (
				64C2FF472144BD8400D4D7A0 /* Base */,
			);
			name = LaunchScreen.storyboard;
			sourceTree = "<group>";
		};
/* End PBXVariantGroup section */

/* Begin XCBuildConfiguration section */
		64C2FF602144BD8400D4D7A0 /* Debug */ = {
			isa = XCBuildConfiguration;
			buildSettings = {
				ALWAYS_SEARCH_USER_PATHS = NO;
				CLANG_ANALYZER_NONNULL = YES;
				CLANG_ANALYZER_NUMBER_OBJECT_CONVERSION = YES_AGGRESSIVE;
				CLANG_CXX_LANGUAGE_STANDARD = "gnu++14";
				CLANG_CXX_LIBRARY = "libc++";
				CLANG_ENABLE_MODULES = YES;
				CLANG_ENABLE_OBJC_ARC = YES;
				CLANG_ENABLE_OBJC_WEAK = YES;
				CLANG_WARN_BLOCK_CAPTURE_AUTORELEASING = YES;
				CLANG_WARN_BOOL_CONVERSION = YES;
				CLANG_WARN_COMMA = YES;
				CLANG_WARN_CONSTANT_CONVERSION = YES;
				CLANG_WARN_DEPRECATED_OBJC_IMPLEMENTATIONS = YES;
				CLANG_WARN_DIRECT_OBJC_ISA_USAGE = YES_ERROR;
				CLANG_WARN_DOCUMENTATION_COMMENTS = YES;
				CLANG_WARN_EMPTY_BODY = YES;
				CLANG_WARN_ENUM_CONVERSION = YES;
				CLANG_WARN_INFINITE_RECURSION = YES;
				CLANG_WARN_INT_CONVERSION = YES;
				CLANG_WARN_NON_LITERAL_NULL_CONVERSION = YES;
				CLANG_WARN_OBJC_IMPLICIT_RETAIN_SELF = YES;
				CLANG_WARN_OBJC_LITERAL_CONVERSION = YES;
				CLANG_WARN_OBJC_ROOT_CLASS = YES_ERROR;
				CLANG_WARN_RANGE_LOOP_ANALYSIS = YES;
				CLANG_WARN_STRICT_PROTOTYPES = YES;
				CLANG_WARN_SUSPICIOUS_MOVE = YES;
				CLANG_WARN_UNGUARDED_AVAILABILITY = YES_AGGRESSIVE;
				CLANG_WARN_UNREACHABLE_CODE = YES;
				CLANG_WARN__DUPLICATE_METHOD_MATCH = YES;
				CODE_SIGN_IDENTITY = "iPhone Developer";
				COPY_PHASE_STRIP = NO;
				DEBUG_INFORMATION_FORMAT = dwarf;
				ENABLE_STRICT_OBJC_MSGSEND = YES;
				ENABLE_TESTABILITY = YES;
				GCC_C_LANGUAGE_STANDARD = gnu11;
				GCC_DYNAMIC_NO_PIC = NO;
				GCC_NO_COMMON_BLOCKS = YES;
				GCC_OPTIMIZATION_LEVEL = 0;
				GCC_PREPROCESSOR_DEFINITIONS = (
					"DEBUG=1",
					"$(inherited)",
				);
				GCC_WARN_64_TO_32_BIT_CONVERSION = YES;
				GCC_WARN_ABOUT_RETURN_TYPE = YES_ERROR;
				GCC_WARN_UNDECLARED_SELECTOR = YES;
				GCC_WARN_UNINITIALIZED_AUTOS = YES_AGGRESSIVE;
				GCC_WARN_UNUSED_FUNCTION = YES;
				GCC_WARN_UNUSED_VARIABLE = YES;
				IPHONEOS_DEPLOYMENT_TARGET = 12.0;
				MTL_ENABLE_DEBUG_INFO = INCLUDE_SOURCE;
				ONLY_ACTIVE_ARCH = YES;
				SDKROOT = iphoneos;
				SWIFT_ACTIVE_COMPILATION_CONDITIONS = DEBUG;
				SWIFT_OPTIMIZATION_LEVEL = "-Onone";
			};
			name = Debug;
		};
		64C2FF612144BD8400D4D7A0 /* Release */ = {
			isa = XCBuildConfiguration;
			buildSettings = {
				ALWAYS_SEARCH_USER_PATHS = NO;
				CLANG_ANALYZER_NONNULL = YES;
				CLANG_ANALYZER_NUMBER_OBJECT_CONVERSION = YES_AGGRESSIVE;
				CLANG_CXX_LANGUAGE_STANDARD = "gnu++14";
				CLANG_CXX_LIBRARY = "libc++";
				CLANG_ENABLE_MODULES = YES;
				CLANG_ENABLE_OBJC_ARC = YES;
				CLANG_ENABLE_OBJC_WEAK = YES;
				CLANG_WARN_BLOCK_CAPTURE_AUTORELEASING = YES;
				CLANG_WARN_BOOL_CONVERSION = YES;
				CLANG_WARN_COMMA = YES;
				CLANG_WARN_CONSTANT_CONVERSION = YES;
				CLANG_WARN_DEPRECATED_OBJC_IMPLEMENTATIONS = YES;
				CLANG_WARN_DIRECT_OBJC_ISA_USAGE = YES_ERROR;
				CLANG_WARN_DOCUMENTATION_COMMENTS = YES;
				CLANG_WARN_EMPTY_BODY = YES;
				CLANG_WARN_ENUM_CONVERSION = YES;
				CLANG_WARN_INFINITE_RECURSION = YES;
				CLANG_WARN_INT_CONVERSION = YES;
				CLANG_WARN_NON_LITERAL_NULL_CONVERSION = YES;
				CLANG_WARN_OBJC_IMPLICIT_RETAIN_SELF = YES;
				CLANG_WARN_OBJC_LITERAL_CONVERSION = YES;
				CLANG_WARN_OBJC_ROOT_CLASS = YES_ERROR;
				CLANG_WARN_RANGE_LOOP_ANALYSIS = YES;
				CLANG_WARN_STRICT_PROTOTYPES = YES;
				CLANG_WARN_SUSPICIOUS_MOVE = YES;
				CLANG_WARN_UNGUARDED_AVAILABILITY = YES_AGGRESSIVE;
				CLANG_WARN_UNREACHABLE_CODE = YES;
				CLANG_WARN__DUPLICATE_METHOD_MATCH = YES;
				CODE_SIGN_IDENTITY = "iPhone Developer";
				COPY_PHASE_STRIP = NO;
				DEBUG_INFORMATION_FORMAT = "dwarf-with-dsym";
				ENABLE_NS_ASSERTIONS = NO;
				ENABLE_STRICT_OBJC_MSGSEND = YES;
				GCC_C_LANGUAGE_STANDARD = gnu11;
				GCC_NO_COMMON_BLOCKS = YES;
				GCC_WARN_64_TO_32_BIT_CONVERSION = YES;
				GCC_WARN_ABOUT_RETURN_TYPE = YES_ERROR;
				GCC_WARN_UNDECLARED_SELECTOR = YES;
				GCC_WARN_UNINITIALIZED_AUTOS = YES_AGGRESSIVE;
				GCC_WARN_UNUSED_FUNCTION = YES;
				GCC_WARN_UNUSED_VARIABLE = YES;
				IPHONEOS_DEPLOYMENT_TARGET = 12.0;
				MTL_ENABLE_DEBUG_INFO = NO;
				SDKROOT = iphoneos;
				SWIFT_COMPILATION_MODE = wholemodule;
				SWIFT_OPTIMIZATION_LEVEL = "-O";
				VALIDATE_PRODUCT = YES;
			};
			name = Release;
		};
		64C2FF632144BD8400D4D7A0 /* Debug */ = {
			isa = XCBuildConfiguration;
			buildSettings = {
				ASSETCATALOG_COMPILER_APPICON_NAME = AppIcon;
				CODE_SIGN_STYLE = Manual;
				DEVELOPMENT_TEAM = "";
				INFOPLIST_FILE = Mashuyu/Info.plist;
				IPHONEOS_DEPLOYMENT_TARGET = 10.3;
				LD_RUNPATH_SEARCH_PATHS = (
					"$(inherited)",
					"@executable_path/Frameworks",
				);
				PRODUCT_BUNDLE_IDENTIFIER = jonathon.dollal.Mashuyu;
				PRODUCT_NAME = "$(TARGET_NAME)";
				PROVISIONING_PROFILE_SPECIFIER = "";
				SWIFT_VERSION = 4.0;
				TARGETED_DEVICE_FAMILY = "1,2";
			};
			name = Debug;
		};
		64C2FF642144BD8400D4D7A0 /* Release */ = {
			isa = XCBuildConfiguration;
			buildSettings = {
				ASSETCATALOG_COMPILER_APPICON_NAME = AppIcon;
				CODE_SIGN_STYLE = Manual;
				DEVELOPMENT_TEAM = "";
				INFOPLIST_FILE = Mashuyu/Info.plist;
				IPHONEOS_DEPLOYMENT_TARGET = 10.3;
				LD_RUNPATH_SEARCH_PATHS = (
					"$(inherited)",
					"@executable_path/Frameworks",
				);
				PRODUCT_BUNDLE_IDENTIFIER = jonathon.dollal.Mashuyu;
				PRODUCT_NAME = "$(TARGET_NAME)";
				PROVISIONING_PROFILE_SPECIFIER = "";
				SWIFT_VERSION = 4.0;
				TARGETED_DEVICE_FAMILY = "1,2";
			};
			name = Release;
		};
		64C2FF662144BD8400D4D7A0 /* Debug */ = {
			isa = XCBuildConfiguration;
			buildSettings = {
				ALWAYS_EMBED_SWIFT_STANDARD_LIBRARIES = YES;
				BUNDLE_LOADER = "$(TEST_HOST)";
				CODE_SIGN_STYLE = Automatic;
				INFOPLIST_FILE = MashuyuTests/Info.plist;
				LD_RUNPATH_SEARCH_PATHS = (
					"$(inherited)",
					"@executable_path/Frameworks",
					"@loader_path/Frameworks",
				);
				PRODUCT_BUNDLE_IDENTIFIER = jonathon.dollal.MashuyuTests;
				PRODUCT_NAME = "$(TARGET_NAME)";
				SWIFT_VERSION = 4.2;
				TARGETED_DEVICE_FAMILY = "1,2";
				TEST_HOST = "$(BUILT_PRODUCTS_DIR)/Mashuyu.app/Mashuyu";
			};
			name = Debug;
		};
		64C2FF672144BD8400D4D7A0 /* Release */ = {
			isa = XCBuildConfiguration;
			buildSettings = {
				ALWAYS_EMBED_SWIFT_STANDARD_LIBRARIES = YES;
				BUNDLE_LOADER = "$(TEST_HOST)";
				CODE_SIGN_STYLE = Automatic;
				INFOPLIST_FILE = MashuyuTests/Info.plist;
				LD_RUNPATH_SEARCH_PATHS = (
					"$(inherited)",
					"@executable_path/Frameworks",
					"@loader_path/Frameworks",
				);
				PRODUCT_BUNDLE_IDENTIFIER = jonathon.dollal.MashuyuTests;
				PRODUCT_NAME = "$(TARGET_NAME)";
				SWIFT_VERSION = 4.2;
				TARGETED_DEVICE_FAMILY = "1,2";
				TEST_HOST = "$(BUILT_PRODUCTS_DIR)/Mashuyu.app/Mashuyu";
			};
			name = Release;
		};
		64C2FF692144BD8400D4D7A0 /* Debug */ = {
			isa = XCBuildConfiguration;
			buildSettings = {
				ALWAYS_EMBED_SWIFT_STANDARD_LIBRARIES = YES;
				CODE_SIGN_STYLE = Automatic;
				INFOPLIST_FILE = MashuyuUITests/Info.plist;
				LD_RUNPATH_SEARCH_PATHS = (
					"$(inherited)",
					"@executable_path/Frameworks",
					"@loader_path/Frameworks",
				);
				PRODUCT_BUNDLE_IDENTIFIER = jonathon.dollal.MashuyuUITests;
				PRODUCT_NAME = "$(TARGET_NAME)";
				SWIFT_VERSION = 4.2;
				TARGETED_DEVICE_FAMILY = "1,2";
				TEST_TARGET_NAME = Mashuyu;
			};
			name = Debug;
		};
		64C2FF6A2144BD8400D4D7A0 /* Release */ = {
			isa = XCBuildConfiguration;
			buildSettings = {
				ALWAYS_EMBED_SWIFT_STANDARD_LIBRARIES = YES;
				CODE_SIGN_STYLE = Automatic;
				INFOPLIST_FILE = MashuyuUITests/Info.plist;
				LD_RUNPATH_SEARCH_PATHS = (
					"$(inherited)",
					"@executable_path/Frameworks",
					"@loader_path/Frameworks",
				);
				PRODUCT_BUNDLE_IDENTIFIER = jonathon.dollal.MashuyuUITests;
				PRODUCT_NAME = "$(TARGET_NAME)";
				SWIFT_VERSION = 4.2;
				TARGETED_DEVICE_FAMILY = "1,2";
				TEST_TARGET_NAME = Mashuyu;
			};
			name = Release;
		};
/* End XCBuildConfiguration section */

/* Begin XCConfigurationList section */
		64C2FF352144BD8300D4D7A0 /* Build configuration list for PBXProject "Mashuyu" */ = {
			isa = XCConfigurationList;
			buildConfigurations = (
				64C2FF602144BD8400D4D7A0 /* Debug */,
				64C2FF612144BD8400D4D7A0 /* Release */,
			);
			defaultConfigurationIsVisible = 0;
			defaultConfigurationName = Release;
		};
		64C2FF622144BD8400D4D7A0 /* Build configuration list for PBXNativeTarget "Mashuyu" */ = {
			isa = XCConfigurationList;
			buildConfigurations = (
				64C2FF632144BD8400D4D7A0 /* Debug */,
				64C2FF642144BD8400D4D7A0 /* Release */,
			);
			defaultConfigurationIsVisible = 0;
			defaultConfigurationName = Release;
		};
		64C2FF652144BD8400D4D7A0 /* Build configuration list for PBXNativeTarget "MashuyuTests" */ = {
			isa = XCConfigurationList;
			buildConfigurations = (
				64C2FF662144BD8400D4D7A0 /* Debug */,
				64C2FF672144BD8400D4D7A0 /* Release */,
			);
			defaultConfigurationIsVisible = 0;
			defaultConfigurationName = Release;
		};
		64C2FF682144BD8400D4D7A0 /* Build configuration list for PBXNativeTarget "MashuyuUITests" */ = {
			isa = XCConfigurationList;
			buildConfigurations = (
				64C2FF692144BD8400D4D7A0 /* Debug */,
				64C2FF6A2144BD8400D4D7A0 /* Release */,
			);
			defaultConfigurationIsVisible = 0;
			defaultConfigurationName = Release;
		};
/* End XCConfigurationList section */
	};
	rootObject = 64C2FF322144BD8300D4D7A0 /* Project object */;
}
